
Microsoft Visual Studio Solution File, Format Version 12.00
# Visual Studio Version 16
VisualStudioVersion = 16.0.29326.143
MinimumVisualStudioVersion = 10.0.40219.1
Project("{9A19103F-16F7-4668-BE54-9A1E7A4F7556}") = "CoreFundamental", "CoreFundamental.csproj", "{BB74BC03-1F75-4C0B-8775-DD520A24E905}"
EndProject
Project("{FAE04EC0-301F-11D3-BF4B-00C04F79EFBC}") = "CoreFundamental.Core", "..\CoreFundamental.Core\CoreFundamental.Core.csproj", "{243E005A-916F-4CFD-B9BE-8AFC7DA06FF1}"
EndProject
Project("{FAE04EC0-301F-11D3-BF4B-00C04F79EFBC}") = "CoreFundamental.Data", "..\CoreFundamental.Data\CoreFundamental.Data.csproj", "{A2F0E3C1-4AF6-48BD-9E8F-AC1FEDCFA9B0}"
EndProject
Global
	GlobalSection(SolutionConfigurationPlatforms) = preSolution
		Debug|Any CPU = Debug|Any CPU
		Release|Any CPU = Release|Any CPU
	EndGlobalSection
	GlobalSection(ProjectConfigurationPlatforms) = postSolution
		{BB74BC03-1F75-4C0B-8775-DD520A24E905}.Debug|Any CPU.ActiveCfg = Debug|Any CPU
		{BB74BC03-1F75-4C0B-8775-DD520A24E905}.Debug|Any CPU.Build.0 = Debug|Any CPU
		{BB74BC03-1F75-4C0B-8775-DD520A24E905}.Release|Any CPU.ActiveCfg = Release|Any CPU
		{BB74BC03-1F75-4C0B-8775-DD520A24E905}.Release|Any CPU.Build.0 = Release|Any CPU
		{243E005A-916F-4CFD-B9BE-8AFC7DA06FF1}.Debug|Any CPU.ActiveCfg = Debug|Any CPU
		{243E005A-916F-4CFD-B9BE-8AFC7DA06FF1}.Debug|Any CPU.Build.0 = Debug|Any CPU
		{243E005A-916F-4CFD-B9BE-8AFC7DA06FF1}.Release|Any CPU.ActiveCfg = Release|Any CPU
		{243E005A-916F-4CFD-B9BE-8AFC7DA06FF1}.Release|Any CPU.Build.0 = Release|Any CPU
		{A2F0E3C1-4AF6-48BD-9E8F-AC1FEDCFA9B0}.Debug|Any CPU.ActiveCfg = Debug|Any CPU
		{A2F0E3C1-4AF6-48BD-9E8F-AC1FEDCFA9B0}.Debug|Any CPU.Build.0 = Debug|Any CPU
		{A2F0E3C1-4AF6-48BD-9E8F-AC1FEDCFA9B0}.Release|Any CPU.ActiveCfg = Release|Any CPU
		{A2F0E3C1-4AF6-48BD-9E8F-AC1FEDCFA9B0}.Release|Any CPU.Build.0 = Release|Any CPU
	EndGlobalSection
	GlobalSection(SolutionProperties) = preSolution
		HideSolutionNode = FALSE
	EndGlobalSection
	GlobalSection(ExtensibilityGlobals) = postSolution
		SolutionGuid = {64DBC17D-C1D3-4422-8540-D7A9BBB11A11}
	EndGlobalSection
EndGlobal
